
Microsoft Visual Studio Solution File, Format Version 12.00
# Visual Studio Version 17
VisualStudioVersion = 17.4.33110.190
MinimumVisualStudioVersion = 10.0.40219.1
Project("{9A19103F-16F7-4668-BE54-9A1E7A4F7556}") = "WebAppReenbitTest", "WebAppReenbitTest\WebAppReenbitTest.csproj", "{07BF7232-7B5A-4287-AF89-0F15C2ED88B6}"
EndProject
Project("{9A19103F-16F7-4668-BE54-9A1E7A4F7556}") = "FunctionBlobTrigger", "FunctionBlobTrigger\FunctionBlobTrigger.csproj", "{D59C9FCF-3B0A-4269-AA99-3C9ACB3307F1}"
EndProject
Project("{9A19103F-16F7-4668-BE54-9A1E7A4F7556}") = "FunctionBlobTriggerTest", "FunctionBlobTriggerTest\FunctionBlobTriggerTest.csproj", "{7BA9533D-0D00-4F8C-AC35-96E641498B99}"
EndProject
Project("{FAE04EC0-301F-11D3-BF4B-00C04F79EFBC}") = "WebAppReenbitTest_Tests", "WebAppReenbitTest_Tests\WebAppReenbitTest_Tests.csproj", "{EC3FF8A3-E260-4792-B10B-EB2D0B174B29}"
EndProject
Global
	GlobalSection(SolutionConfigurationPlatforms) = preSolution
		Debug|Any CPU = Debug|Any CPU
		Release|Any CPU = Release|Any CPU
	EndGlobalSection
	GlobalSection(ProjectConfigurationPlatforms) = postSolution
		{07BF7232-7B5A-4287-AF89-0F15C2ED88B6}.Debug|Any CPU.ActiveCfg = Debug|Any CPU
		{07BF7232-7B5A-4287-AF89-0F15C2ED88B6}.Debug|Any CPU.Build.0 = Debug|Any CPU
		{07BF7232-7B5A-4287-AF89-0F15C2ED88B6}.Release|Any CPU.ActiveCfg = Release|Any CPU
		{07BF7232-7B5A-4287-AF89-0F15C2ED88B6}.Release|Any CPU.Build.0 = Release|Any CPU
		{D59C9FCF-3B0A-4269-AA99-3C9ACB3307F1}.Debug|Any CPU.ActiveCfg = Debug|Any CPU
		{D59C9FCF-3B0A-4269-AA99-3C9ACB3307F1}.Debug|Any CPU.Build.0 = Debug|Any CPU
		{D59C9FCF-3B0A-4269-AA99-3C9ACB3307F1}.Release|Any CPU.ActiveCfg = Release|Any CPU
		{D59C9FCF-3B0A-4269-AA99-3C9ACB3307F1}.Release|Any CPU.Build.0 = Release|Any CPU
		{7BA9533D-0D00-4F8C-AC35-96E641498B99}.Debug|Any CPU.ActiveCfg = Debug|Any CPU
		{7BA9533D-0D00-4F8C-AC35-96E641498B99}.Debug|Any CPU.Build.0 = Debug|Any CPU
		{7BA9533D-0D00-4F8C-AC35-96E641498B99}.Release|Any CPU.ActiveCfg = Release|Any CPU
		{7BA9533D-0D00-4F8C-AC35-96E641498B99}.Release|Any CPU.Build.0 = Release|Any CPU
		{EC3FF8A3-E260-4792-B10B-EB2D0B174B29}.Debug|Any CPU.ActiveCfg = Debug|Any CPU
		{EC3FF8A3-E260-4792-B10B-EB2D0B174B29}.Debug|Any CPU.Build.0 = Debug|Any CPU
		{EC3FF8A3-E260-4792-B10B-EB2D0B174B29}.Release|Any CPU.ActiveCfg = Release|Any CPU
		{EC3FF8A3-E260-4792-B10B-EB2D0B174B29}.Release|Any CPU.Build.0 = Release|Any CPU
	EndGlobalSection
	GlobalSection(SolutionProperties) = preSolution
		HideSolutionNode = FALSE
	EndGlobalSection
	GlobalSection(ExtensibilityGlobals) = postSolution
		SolutionGuid = {1A248D63-AB0A-4B9A-BCDE-63D7A4F3D613}
	EndGlobalSection
EndGlobal
